
Microsoft Visual Studio Solution File, Format Version 12.00
# Visual Studio Version 17
VisualStudioVersion = 17.4.33205.214
MinimumVisualStudioVersion = 10.0.40219.1
Project("{FAE04EC0-301F-11D3-BF4B-00C04F79EFBC}") = "schoolProject1122", "schoolProject1122\schoolProject1122.csproj", "{90B52710-9A3D-4184-AA8E-679E127177DA}"
EndProject
Global
	GlobalSection(SolutionConfigurationPlatforms) = preSolution
		Debug|Any CPU = Debug|Any CPU
		Release|Any CPU = Release|Any CPU
	EndGlobalSection
	GlobalSection(ProjectConfigurationPlatforms) = postSolution
		{90B52710-9A3D-4184-AA8E-679E127177DA}.Debug|Any CPU.ActiveCfg = Debug|Any CPU
		{90B52710-9A3D-4184-AA8E-679E127177DA}.Debug|Any CPU.Build.0 = Debug|Any CPU
		{90B52710-9A3D-4184-AA8E-679E127177DA}.Release|Any CPU.ActiveCfg = Release|Any CPU
		{90B52710-9A3D-4184-AA8E-679E127177DA}.Release|Any CPU.Build.0 = Release|Any CPU
	EndGlobalSection
	GlobalSection(SolutionProperties) = preSolution
		HideSolutionNode = FALSE
	EndGlobalSection
	GlobalSection(ExtensibilityGlobals) = postSolution
		SolutionGuid = {A163A1A7-31ED-4957-BBCC-B9250DF022F1}
	EndGlobalSection
EndGlobal
